
Microsoft Visual Studio Solution File, Format Version 12.00
# Visual Studio Version 17
VisualStudioVersion = 17.8.34330.188
MinimumVisualStudioVersion = 10.0.40219.1
Project("{9A19103F-16F7-4668-BE54-9A1E7A4F7556}") = "PruebaIngresoFMP.Server", "Server\PruebaIngresoFMP.Server.csproj", "{7A216A69-5C3D-44E4-8A41-6A49325BEEDB}"
EndProject
Project("{9A19103F-16F7-4668-BE54-9A1E7A4F7556}") = "PruebaIngresoFMP.Client", "Client\PruebaIngresoFMP.Client.csproj", "{9C176496-92EF-4A27-A16A-2F735EECB049}"
EndProject
Project("{9A19103F-16F7-4668-BE54-9A1E7A4F7556}") = "PruebaIngresoFMP.Shared", "Shared\PruebaIngresoFMP.Shared.csproj", "{06868AA3-7C3F-4661-9B71-72C0C21B6112}"
EndProject
Global
	GlobalSection(SolutionConfigurationPlatforms) = preSolution
		Debug|Any CPU = Debug|Any CPU
		Release|Any CPU = Release|Any CPU
	EndGlobalSection
	GlobalSection(ProjectConfigurationPlatforms) = postSolution
		{7A216A69-5C3D-44E4-8A41-6A49325BEEDB}.Debug|Any CPU.ActiveCfg = Debug|Any CPU
		{7A216A69-5C3D-44E4-8A41-6A49325BEEDB}.Debug|Any CPU.Build.0 = Debug|Any CPU
		{7A216A69-5C3D-44E4-8A41-6A49325BEEDB}.Release|Any CPU.ActiveCfg = Release|Any CPU
		{7A216A69-5C3D-44E4-8A41-6A49325BEEDB}.Release|Any CPU.Build.0 = Release|Any CPU
		{9C176496-92EF-4A27-A16A-2F735EECB049}.Debug|Any CPU.ActiveCfg = Debug|Any CPU
		{9C176496-92EF-4A27-A16A-2F735EECB049}.Debug|Any CPU.Build.0 = Debug|Any CPU
		{9C176496-92EF-4A27-A16A-2F735EECB049}.Release|Any CPU.ActiveCfg = Release|Any CPU
		{9C176496-92EF-4A27-A16A-2F735EECB049}.Release|Any CPU.Build.0 = Release|Any CPU
		{06868AA3-7C3F-4661-9B71-72C0C21B6112}.Debug|Any CPU.ActiveCfg = Debug|Any CPU
		{06868AA3-7C3F-4661-9B71-72C0C21B6112}.Debug|Any CPU.Build.0 = Debug|Any CPU
		{06868AA3-7C3F-4661-9B71-72C0C21B6112}.Release|Any CPU.ActiveCfg = Release|Any CPU
		{06868AA3-7C3F-4661-9B71-72C0C21B6112}.Release|Any CPU.Build.0 = Release|Any CPU
	EndGlobalSection
	GlobalSection(SolutionProperties) = preSolution
		HideSolutionNode = FALSE
	EndGlobalSection
	GlobalSection(ExtensibilityGlobals) = postSolution
		SolutionGuid = {31E01BB3-BD90-458C-B34E-2BA693D6E4C1}
	EndGlobalSection
EndGlobal
